
Microsoft Visual Studio Solution File, Format Version 12.00
# Visual Studio Version 17
VisualStudioVersion = 17.5.33516.290
MinimumVisualStudioVersion = 10.0.40219.1
Project("{FAE04EC0-301F-11D3-BF4B-00C04F79EFBC}") = "aksesorismobil", "aksesorismobil\aksesorismobil.csproj", "{55F650B4-496C-4EB4-9E04-041167E36E1E}"
EndProject
Global
	GlobalSection(SolutionConfigurationPlatforms) = preSolution
		Debug|Any CPU = Debug|Any CPU
		Release|Any CPU = Release|Any CPU
	EndGlobalSection
	GlobalSection(ProjectConfigurationPlatforms) = postSolution
		{55F650B4-496C-4EB4-9E04-041167E36E1E}.Debug|Any CPU.ActiveCfg = Debug|Any CPU
		{55F650B4-496C-4EB4-9E04-041167E36E1E}.Debug|Any CPU.Build.0 = Debug|Any CPU
		{55F650B4-496C-4EB4-9E04-041167E36E1E}.Release|Any CPU.ActiveCfg = Release|Any CPU
		{55F650B4-496C-4EB4-9E04-041167E36E1E}.Release|Any CPU.Build.0 = Release|Any CPU
	EndGlobalSection
	GlobalSection(SolutionProperties) = preSolution
		HideSolutionNode = FALSE
	EndGlobalSection
	GlobalSection(ExtensibilityGlobals) = postSolution
		SolutionGuid = {26417DD2-7ED2-4F88-83D1-C10C87545458}
	EndGlobalSection
EndGlobal
